
Microsoft Visual Studio Solution File, Format Version 11.00
# Visual Studio 2010
Project("{8BC9CEB8-8B4A-11D0-8D11-00A0C91BC942}") = "percol2", "percol2.vcproj", "{342A7B27-F18E-32AD-A331-752F1391895B}"
EndProject
Global
	GlobalSection(SolutionConfigurationPlatforms) = preSolution
		Debug|Win32 = Debug|Win32
		Release|Win32 = Release|Win32
	EndGlobalSection
	GlobalSection(ProjectConfigurationPlatforms) = postSolution
		{342A7B27-F18E-32AD-A331-752F1391895B}.Debug|Win32.ActiveCfg = Debug|Win32
		{342A7B27-F18E-32AD-A331-752F1391895B}.Debug|Win32.Build.0 = Debug|Win32
		{342A7B27-F18E-32AD-A331-752F1391895B}.Release|Win32.ActiveCfg = Release|Win32
		{342A7B27-F18E-32AD-A331-752F1391895B}.Release|Win32.Build.0 = Release|Win32
	EndGlobalSection
	GlobalSection(SolutionProperties) = preSolution
		HideSolutionNode = FALSE
	EndGlobalSection
EndGlobal
